
Microsoft Visual Studio Solution File, Format Version 12.00
# Visual Studio Version 17
VisualStudioVersion = 17.7.34024.191
MinimumVisualStudioVersion = 10.0.40219.1
Project("{9A19103F-16F7-4668-BE54-9A1E7A4F7556}") = "Models", "Models\Models.csproj", "{5E428185-4898-46F0-BC2B-487B93563F14}"
EndProject
Project("{9A19103F-16F7-4668-BE54-9A1E7A4F7556}") = "DataProviders", "DataProviders\DataProviders.csproj", "{1924FB19-B4A5-44EA-BCBB-989AFB3B2F62}"
EndProject
Project("{9A19103F-16F7-4668-BE54-9A1E7A4F7556}") = "GuiApp", "GuiApp\GuiApp.csproj", "{057F2AEB-A678-49FA-9622-35BF95309D6C}"
EndProject
Project("{9A19103F-16F7-4668-BE54-9A1E7A4F7556}") = "GuiApp.ViewModels", "GuiApp.ViewModels\GuiApp.ViewModels.csproj", "{28030061-C1F0-49C4-83AE-A7688957CFD5}"
EndProject
Project("{9A19103F-16F7-4668-BE54-9A1E7A4F7556}") = "UnitTests", "UnitTests\UnitTests.csproj", "{461680E2-B5E4-4442-8AB2-47AEE8A8B3CE}"
EndProject
Project("{9A19103F-16F7-4668-BE54-9A1E7A4F7556}") = "Framework", "Framework\Framework.csproj", "{8BC474FB-FD66-4C7F-80CF-C3D9502DE92F}"
EndProject
Project("{FAE04EC0-301F-11D3-BF4B-00C04F79EFBC}") = "Mvvm", "Mvvm\Mvvm.csproj", "{98A38563-D291-4646-BF49-7ACD79FAC1D7}"
EndProject
Global
	GlobalSection(SolutionConfigurationPlatforms) = preSolution
		Debug|Any CPU = Debug|Any CPU
		Release|Any CPU = Release|Any CPU
	EndGlobalSection
	GlobalSection(ProjectConfigurationPlatforms) = postSolution
		{5E428185-4898-46F0-BC2B-487B93563F14}.Debug|Any CPU.ActiveCfg = Debug|Any CPU
		{5E428185-4898-46F0-BC2B-487B93563F14}.Debug|Any CPU.Build.0 = Debug|Any CPU
		{5E428185-4898-46F0-BC2B-487B93563F14}.Release|Any CPU.ActiveCfg = Release|Any CPU
		{5E428185-4898-46F0-BC2B-487B93563F14}.Release|Any CPU.Build.0 = Release|Any CPU
		{1924FB19-B4A5-44EA-BCBB-989AFB3B2F62}.Debug|Any CPU.ActiveCfg = Debug|Any CPU
		{1924FB19-B4A5-44EA-BCBB-989AFB3B2F62}.Debug|Any CPU.Build.0 = Debug|Any CPU
		{1924FB19-B4A5-44EA-BCBB-989AFB3B2F62}.Release|Any CPU.ActiveCfg = Release|Any CPU
		{1924FB19-B4A5-44EA-BCBB-989AFB3B2F62}.Release|Any CPU.Build.0 = Release|Any CPU
		{057F2AEB-A678-49FA-9622-35BF95309D6C}.Debug|Any CPU.ActiveCfg = Debug|Any CPU
		{057F2AEB-A678-49FA-9622-35BF95309D6C}.Debug|Any CPU.Build.0 = Debug|Any CPU
		{057F2AEB-A678-49FA-9622-35BF95309D6C}.Release|Any CPU.ActiveCfg = Release|Any CPU
		{057F2AEB-A678-49FA-9622-35BF95309D6C}.Release|Any CPU.Build.0 = Release|Any CPU
		{28030061-C1F0-49C4-83AE-A7688957CFD5}.Debug|Any CPU.ActiveCfg = Debug|Any CPU
		{28030061-C1F0-49C4-83AE-A7688957CFD5}.Debug|Any CPU.Build.0 = Debug|Any CPU
		{28030061-C1F0-49C4-83AE-A7688957CFD5}.Release|Any CPU.ActiveCfg = Release|Any CPU
		{28030061-C1F0-49C4-83AE-A7688957CFD5}.Release|Any CPU.Build.0 = Release|Any CPU
		{461680E2-B5E4-4442-8AB2-47AEE8A8B3CE}.Debug|Any CPU.ActiveCfg = Debug|Any CPU
		{461680E2-B5E4-4442-8AB2-47AEE8A8B3CE}.Debug|Any CPU.Build.0 = Debug|Any CPU
		{461680E2-B5E4-4442-8AB2-47AEE8A8B3CE}.Release|Any CPU.ActiveCfg = Release|Any CPU
		{461680E2-B5E4-4442-8AB2-47AEE8A8B3CE}.Release|Any CPU.Build.0 = Release|Any CPU
		{8BC474FB-FD66-4C7F-80CF-C3D9502DE92F}.Debug|Any CPU.ActiveCfg = Debug|Any CPU
		{8BC474FB-FD66-4C7F-80CF-C3D9502DE92F}.Debug|Any CPU.Build.0 = Debug|Any CPU
		{8BC474FB-FD66-4C7F-80CF-C3D9502DE92F}.Release|Any CPU.ActiveCfg = Release|Any CPU
		{8BC474FB-FD66-4C7F-80CF-C3D9502DE92F}.Release|Any CPU.Build.0 = Release|Any CPU
		{98A38563-D291-4646-BF49-7ACD79FAC1D7}.Debug|Any CPU.ActiveCfg = Debug|Any CPU
		{98A38563-D291-4646-BF49-7ACD79FAC1D7}.Debug|Any CPU.Build.0 = Debug|Any CPU
		{98A38563-D291-4646-BF49-7ACD79FAC1D7}.Release|Any CPU.ActiveCfg = Release|Any CPU
		{98A38563-D291-4646-BF49-7ACD79FAC1D7}.Release|Any CPU.Build.0 = Release|Any CPU
	EndGlobalSection
	GlobalSection(SolutionProperties) = preSolution
		HideSolutionNode = FALSE
	EndGlobalSection
	GlobalSection(ExtensibilityGlobals) = postSolution
		SolutionGuid = {01C38FDD-3005-4C24-97D2-110D8AA737E8}
	EndGlobalSection
EndGlobal
